
Microsoft Visual Studio Solution File, Format Version 12.00
# Visual Studio Version 17
VisualStudioVersion = 17.7.34202.233
MinimumVisualStudioVersion = 10.0.40219.1
Project("{FAE04EC0-301F-11D3-BF4B-00C04F79EFBC}") = "Posgrev-Frontend", "Posgrev-Frontend.csproj", "{F88B5DB4-7686-4966-AF91-18D934BDF891}"
EndProject
Global
	GlobalSection(SolutionConfigurationPlatforms) = preSolution
		Debug|Any CPU = Debug|Any CPU
		Release|Any CPU = Release|Any CPU
	EndGlobalSection
	GlobalSection(ProjectConfigurationPlatforms) = postSolution
		{F88B5DB4-7686-4966-AF91-18D934BDF891}.Debug|Any CPU.ActiveCfg = Debug|Any CPU
		{F88B5DB4-7686-4966-AF91-18D934BDF891}.Debug|Any CPU.Build.0 = Debug|Any CPU
		{F88B5DB4-7686-4966-AF91-18D934BDF891}.Release|Any CPU.ActiveCfg = Release|Any CPU
		{F88B5DB4-7686-4966-AF91-18D934BDF891}.Release|Any CPU.Build.0 = Release|Any CPU
	EndGlobalSection
	GlobalSection(SolutionProperties) = preSolution
		HideSolutionNode = FALSE
	EndGlobalSection
	GlobalSection(ExtensibilityGlobals) = postSolution
		SolutionGuid = {F370D654-839D-413D-AB80-F5D58F263F61}
	EndGlobalSection
EndGlobal
